
Microsoft Visual Studio Solution File, Format Version 12.00
# Visual Studio Version 17
VisualStudioVersion = 17.6.33723.286
MinimumVisualStudioVersion = 10.0.40219.1
Project("{9A19103F-16F7-4668-BE54-9A1E7A4F7556}") = "Finterra", "FlexAcademy\Finterra.csproj", "{2CC59018-A194-45D1-9254-9590093B24B6}"
EndProject
Project("{FAE04EC0-301F-11D3-BF4B-00C04F79EFBC}") = "SymbolSearch", "SymbolSearch\SymbolSearch.csproj", "{EE5C2811-BD8F-4886-85F1-93FC5AD614D8}"
EndProject
Global
	GlobalSection(SolutionConfigurationPlatforms) = preSolution
		Debug|Any CPU = Debug|Any CPU
		Release|Any CPU = Release|Any CPU
	EndGlobalSection
	GlobalSection(ProjectConfigurationPlatforms) = postSolution
		{2CC59018-A194-45D1-9254-9590093B24B6}.Debug|Any CPU.ActiveCfg = Debug|Any CPU
		{2CC59018-A194-45D1-9254-9590093B24B6}.Debug|Any CPU.Build.0 = Debug|Any CPU
		{2CC59018-A194-45D1-9254-9590093B24B6}.Release|Any CPU.ActiveCfg = Release|Any CPU
		{2CC59018-A194-45D1-9254-9590093B24B6}.Release|Any CPU.Build.0 = Release|Any CPU
		{EE5C2811-BD8F-4886-85F1-93FC5AD614D8}.Debug|Any CPU.ActiveCfg = Debug|Any CPU
		{EE5C2811-BD8F-4886-85F1-93FC5AD614D8}.Debug|Any CPU.Build.0 = Debug|Any CPU
		{EE5C2811-BD8F-4886-85F1-93FC5AD614D8}.Release|Any CPU.ActiveCfg = Release|Any CPU
		{EE5C2811-BD8F-4886-85F1-93FC5AD614D8}.Release|Any CPU.Build.0 = Release|Any CPU
	EndGlobalSection
	GlobalSection(SolutionProperties) = preSolution
		HideSolutionNode = FALSE
	EndGlobalSection
	GlobalSection(ExtensibilityGlobals) = postSolution
		SolutionGuid = {FA802ECF-0072-443C-934A-644D3D6EE1E3}
	EndGlobalSection
EndGlobal
